// !$*UTF8*$!
{
	archiveVersion = 1;
	classes = {
	};
	objectVersion = 56;
	objects = {

/* Begin PBXBuildFile section */
		F41AA24B2A5CA73800C3E0CA /* CardView.swift in Sources */ = {isa = PBXBuildFile; fileRef = F41AA24A2A5CA73800C3E0CA /* CardView.swift */; };
		F42CBC912A583B2800FC5212 /* AppDelegate.swift in Sources */ = {isa = PBXBuildFile; fileRef = F42CBC902A583B2800FC5212 /* AppDelegate.swift */; };
		F42CBC932A583B2800FC5212 /* SceneDelegate.swift in Sources */ = {isa = PBXBuildFile; fileRef = F42CBC922A583B2800FC5212 /* SceneDelegate.swift */; };
		F42CBC982A583B2800FC5212 /* Main.storyboard in Resources */ = {isa = PBXBuildFile; fileRef = F42CBC962A583B2800FC5212 /* Main.storyboard */; };
		F42CBC9A2A583B2900FC5212 /* Assets.xcassets in Resources */ = {isa = PBXBuildFile; fileRef = F42CBC992A583B2900FC5212 /* Assets.xcassets */; };
		F42CBC9D2A583B2900FC5212 /* LaunchScreen.storyboard in Resources */ = {isa = PBXBuildFile; fileRef = F42CBC9B2A583B2900FC5212 /* LaunchScreen.storyboard */; };
		F42CBCA52A583B5200FC5212 /* Extensions+UIView.swift in Sources */ = {isa = PBXBuildFile; fileRef = F42CBCA42A583B5200FC5212 /* Extensions+UIView.swift */; };
		F42CBCAA2A583B9500FC5212 /* HomeController.swift in Sources */ = {isa = PBXBuildFile; fileRef = F42CBCA92A583B9500FC5212 /* HomeController.swift */; };
		F471AC552A5B49D600A54482 /* TopNavigationStackView.swift in Sources */ = {isa = PBXBuildFile; fileRef = F471AC542A5B49D600A54482 /* TopNavigationStackView.swift */; };
		F4A7C1872A5B0E9A00B2BA9A /* HomeBottomControlsStackView.swift in Sources */ = {isa = PBXBuildFile; fileRef = F4A7C1862A5B0E9A00B2BA9A /* HomeBottomControlsStackView.swift */; };
		F4ABBE1F2A5DFCAD00BA4406 /* User.swift in Sources */ = {isa = PBXBuildFile; fileRef = F4ABBE1E2A5DFCAC00BA4406 /* User.swift */; };
		F4C2CFC42A5EE15400268FE9 /* CardViewModel.swift in Sources */ = {isa = PBXBuildFile; fileRef = F4C2CFC32A5EE15400268FE9 /* CardViewModel.swift */; };
/* End PBXBuildFile section */

/* Begin PBXFileReference section */
		F41AA24A2A5CA73800C3E0CA /* CardView.swift */ = {isa = PBXFileReference; lastKnownFileType = sourcecode.swift; path = CardView.swift; sourceTree = "<group>"; };
		F42CBC8D2A583B2800FC5212 /* cloneSwipeApp.app */ = {isa = PBXFileReference; explicitFileType = wrapper.application; includeInIndex = 0; path = cloneSwipeApp.app; sourceTree = BUILT_PRODUCTS_DIR; };
		F42CBC902A583B2800FC5212 /* AppDelegate.swift */ = {isa = PBXFileReference; lastKnownFileType = sourcecode.swift; path = AppDelegate.swift; sourceTree = "<group>"; };
		F42CBC922A583B2800FC5212 /* SceneDelegate.swift */ = {isa = PBXFileReference; lastKnownFileType = sourcecode.swift; path = SceneDelegate.swift; sourceTree = "<group>"; };
		F42CBC972A583B2800FC5212 /* Base */ = {isa = PBXFileReference; lastKnownFileType = file.storyboard; name = Base; path = Base.lproj/Main.storyboard; sourceTree = "<group>"; };
		F42CBC992A583B2900FC5212 /* Assets.xcassets */ = {isa = PBXFileReference; lastKnownFileType = folder.assetcatalog; path = Assets.xcassets; sourceTree = "<group>"; };
		F42CBC9C2A583B2900FC5212 /* Base */ = {isa = PBXFileReference; lastKnownFileType = file.storyboard; name = Base; path = Base.lproj/LaunchScreen.storyboard; sourceTree = "<group>"; };
		F42CBC9E2A583B2900FC5212 /* Info.plist */ = {isa = PBXFileReference; lastKnownFileType = text.plist.xml; path = Info.plist; sourceTree = "<group>"; };
		F42CBCA42A583B5200FC5212 /* Extensions+UIView.swift */ = {isa = PBXFileReference; fileEncoding = 4; lastKnownFileType = sourcecode.swift; path = "Extensions+UIView.swift"; sourceTree = "<group>"; };
		F42CBCA92A583B9500FC5212 /* HomeController.swift */ = {isa = PBXFileReference; fileEncoding = 4; lastKnownFileType = sourcecode.swift; path = HomeController.swift; sourceTree = "<group>"; };
		F471AC542A5B49D600A54482 /* TopNavigationStackView.swift */ = {isa = PBXFileReference; lastKnownFileType = sourcecode.swift; path = TopNavigationStackView.swift; sourceTree = "<group>"; };
		F4A7C1862A5B0E9A00B2BA9A /* HomeBottomControlsStackView.swift */ = {isa = PBXFileReference; lastKnownFileType = sourcecode.swift; path = HomeBottomControlsStackView.swift; sourceTree = "<group>"; };
		F4ABBE1E2A5DFCAC00BA4406 /* User.swift */ = {isa = PBXFileReference; lastKnownFileType = sourcecode.swift; path = User.swift; sourceTree = "<group>"; };
		F4C2CFC32A5EE15400268FE9 /* CardViewModel.swift */ = {isa = PBXFileReference; lastKnownFileType = sourcecode.swift; path = CardViewModel.swift; sourceTree = "<group>"; };
/* End PBXFileReference section */

/* Begin PBXFrameworksBuildPhase section */
		F42CBC8A2A583B2800FC5212 /* Frameworks */ = {
			isa = PBXFrameworksBuildPhase;
			buildActionMask = 2147483647;
			files = (
			);
			runOnlyForDeploymentPostprocessing = 0;
		};
/* End PBXFrameworksBuildPhase section */

/* Begin PBXGroup section */
		F42CBC842A583B2800FC5212 = {
			isa = PBXGroup;
			children = (
				F42CBC8F2A583B2800FC5212 /* cloneSwipeApp */,
				F42CBC8E2A583B2800FC5212 /* Products */,
			);
			sourceTree = "<group>";
		};
		F42CBC8E2A583B2800FC5212 /* Products */ = {
			isa = PBXGroup;
			children = (
				F42CBC8D2A583B2800FC5212 /* cloneSwipeApp.app */,
			);
			name = Products;
			sourceTree = "<group>";
		};
		F42CBC8F2A583B2800FC5212 /* cloneSwipeApp */ = {
			isa = PBXGroup;
			children = (
				F4C2CFC22A5EE13600268FE9 /* ViewModels */,
				F4ABBE1D2A5DFC9800BA4406 /* Model */,
				F4A7C1852A5B0E4300B2BA9A /* Views */,
				F42CBCA62A583B5700FC5212 /* Extensions */,
				F42CBC902A583B2800FC5212 /* AppDelegate.swift */,
				F42CBCA92A583B9500FC5212 /* HomeController.swift */,
				F42CBC922A583B2800FC5212 /* SceneDelegate.swift */,
				F42CBC962A583B2800FC5212 /* Main.storyboard */,
				F42CBC992A583B2900FC5212 /* Assets.xcassets */,
				F42CBC9B2A583B2900FC5212 /* LaunchScreen.storyboard */,
				F42CBC9E2A583B2900FC5212 /* Info.plist */,
			);
			path = cloneSwipeApp;
			sourceTree = "<group>";
		};
		F42CBCA62A583B5700FC5212 /* Extensions */ = {
			isa = PBXGroup;
			children = (
				F42CBCA42A583B5200FC5212 /* Extensions+UIView.swift */,
			);
			path = Extensions;
			sourceTree = "<group>";
		};
		F4A7C1852A5B0E4300B2BA9A /* Views */ = {
			isa = PBXGroup;
			children = (
				F4A7C1862A5B0E9A00B2BA9A /* HomeBottomControlsStackView.swift */,
				F471AC542A5B49D600A54482 /* TopNavigationStackView.swift */,
				F41AA24A2A5CA73800C3E0CA /* CardView.swift */,
			);
			path = Views;
			sourceTree = "<group>";
		};
		F4ABBE1D2A5DFC9800BA4406 /* Model */ = {
			isa = PBXGroup;
			children = (
				F4ABBE1E2A5DFCAC00BA4406 /* User.swift */,
			);
			path = Model;
			sourceTree = "<group>";
		};
		F4C2CFC22A5EE13600268FE9 /* ViewModels */ = {
			isa = PBXGroup;
			children = (
				F4C2CFC32A5EE15400268FE9 /* CardViewModel.swift */,
			);
			path = ViewModels;
			sourceTree = "<group>";
		};
/* End PBXGroup section */

/* Begin PBXNativeTarget section */
		F42CBC8C2A583B2800FC5212 /* cloneSwipeApp */ = {
			isa = PBXNativeTarget;
			buildConfigurationList = F42CBCA12A583B2900FC5212 /* Build configuration list for PBXNativeTarget "cloneSwipeApp" */;
			buildPhases = (
				F42CBC892A583B2800FC5212 /* Sources */,
				F42CBC8A2A583B2800FC5212 /* Frameworks */,
				F42CBC8B2A583B2800FC5212 /* Resources */,
			);
			buildRules = (
			);
			dependencies = (
			);
			name = cloneSwipeApp;
			productName = cloneSwipeApp;
			productReference = F42CBC8D2A583B2800FC5212 /* cloneSwipeApp.app */;
			productType = "com.apple.product-type.application";
		};
/* End PBXNativeTarget section */

/* Begin PBXProject section */
		F42CBC852A583B2800FC5212 /* Project object */ = {
			isa = PBXProject;
			attributes = {
				BuildIndependentTargetsInParallel = 1;
				LastSwiftUpdateCheck = 1430;
				LastUpgradeCheck = 1430;
				TargetAttributes = {
					F42CBC8C2A583B2800FC5212 = {
						CreatedOnToolsVersion = 14.3.1;
					};
				};
			};
			buildConfigurationList = F42CBC882A583B2800FC5212 /* Build configuration list for PBXProject "cloneSwipeApp" */;
			compatibilityVersion = "Xcode 14.0";
			developmentRegion = en;
			hasScannedForEncodings = 0;
			knownRegions = (
				en,
				Base,
			);
			mainGroup = F42CBC842A583B2800FC5212;
			productRefGroup = F42CBC8E2A583B2800FC5212 /* Products */;
			projectDirPath = "";
			projectRoot = "";
			targets = (
				F42CBC8C2A583B2800FC5212 /* cloneSwipeApp */,
			);
		};
/* End PBXProject section */

/* Begin PBXResourcesBuildPhase section */
		F42CBC8B2A583B2800FC5212 /* Resources */ = {
			isa = PBXResourcesBuildPhase;
			buildActionMask = 2147483647;
			files = (
				F42CBC9D2A583B2900FC5212 /* LaunchScreen.storyboard in Resources */,
				F42CBC9A2A583B2900FC5212 /* Assets.xcassets in Resources */,
				F42CBC982A583B2800FC5212 /* Main.storyboard in Resources */,
			);
			runOnlyForDeploymentPostprocessing = 0;
		};
/* End PBXResourcesBuildPhase section */

/* Begin PBXSourcesBuildPhase section */
		F42CBC892A583B2800FC5212 /* Sources */ = {
			isa = PBXSourcesBuildPhase;
			buildActionMask = 2147483647;
			files = (
				F41AA24B2A5CA73800C3E0CA /* CardView.swift in Sources */,
				F42CBC912A583B2800FC5212 /* AppDelegate.swift in Sources */,
				F42CBCA52A583B5200FC5212 /* Extensions+UIView.swift in Sources */,
				F4A7C1872A5B0E9A00B2BA9A /* HomeBottomControlsStackView.swift in Sources */,
				F4ABBE1F2A5DFCAD00BA4406 /* User.swift in Sources */,
				F471AC552A5B49D600A54482 /* TopNavigationStackView.swift in Sources */,
				F42CBCAA2A583B9500FC5212 /* HomeController.swift in Sources */,
				F42CBC932A583B2800FC5212 /* SceneDelegate.swift in Sources */,
				F4C2CFC42A5EE15400268FE9 /* CardViewModel.swift in Sources */,
			);
			runOnlyForDeploymentPostprocessing = 0;
		};
/* End PBXSourcesBuildPhase section */

/* Begin PBXVariantGroup section */
		F42CBC962A583B2800FC5212 /* Main.storyboard */ = {
			isa = PBXVariantGroup;
			children = (
				F42CBC972A583B2800FC5212 /* Base */,
			);
			name = Main.storyboard;
			sourceTree = "<group>";
		};
		F42CBC9B2A583B2900FC5212 /* LaunchScreen.storyboard */ = {
			isa = PBXVariantGroup;
			children = (
				F42CBC9C2A583B2900FC5212 /* Base */,
			);
			name = LaunchScreen.storyboard;
			sourceTree = "<group>";
		};
/* End PBXVariantGroup section */

/* Begin XCBuildConfiguration section */
		F42CBC9F2A583B2900FC5212 /* Debug */ = {
			isa = XCBuildConfiguration;
			buildSettings = {
				ALWAYS_SEARCH_USER_PATHS = NO;
				CLANG_ANALYZER_NONNULL = YES;
				CLANG_ANALYZER_NUMBER_OBJECT_CONVERSION = YES_AGGRESSIVE;
				CLANG_CXX_LANGUAGE_STANDARD = "gnu++20";
				CLANG_ENABLE_MODULES = YES;
				CLANG_ENABLE_OBJC_ARC = YES;
				CLANG_ENABLE_OBJC_WEAK = YES;
				CLANG_WARN_BLOCK_CAPTURE_AUTORELEASING = YES;
				CLANG_WARN_BOOL_CONVERSION = YES;
				CLANG_WARN_COMMA = YES;
				CLANG_WARN_CONSTANT_CONVERSION = YES;
				CLANG_WARN_DEPRECATED_OBJC_IMPLEMENTATIONS = YES;
				CLANG_WARN_DIRECT_OBJC_ISA_USAGE = YES_ERROR;
				CLANG_WARN_DOCUMENTATION_COMMENTS = YES;
				CLANG_WARN_EMPTY_BODY = YES;
				CLANG_WARN_ENUM_CONVERSION = YES;
				CLANG_WARN_INFINITE_RECURSION = YES;
				CLANG_WARN_INT_CONVERSION = YES;
				CLANG_WARN_NON_LITERAL_NULL_CONVERSION = YES;
				CLANG_WARN_OBJC_IMPLICIT_RETAIN_SELF = YES;
				CLANG_WARN_OBJC_LITERAL_CONVERSION = YES;
				CLANG_WARN_OBJC_ROOT_CLASS = YES_ERROR;
				CLANG_WARN_QUOTED_INCLUDE_IN_FRAMEWORK_HEADER = YES;
				CLANG_WARN_RANGE_LOOP_ANALYSIS = YES;
				CLANG_WARN_STRICT_PROTOTYPES = YES;
				CLANG_WARN_SUSPICIOUS_MOVE = YES;
				CLANG_WARN_UNGUARDED_AVAILABILITY = YES_AGGRESSIVE;
				CLANG_WARN_UNREACHABLE_CODE = YES;
				CLANG_WARN__DUPLICATE_METHOD_MATCH = YES;
				COPY_PHASE_STRIP = NO;
				DEBUG_INFORMATION_FORMAT = dwarf;
				ENABLE_STRICT_OBJC_MSGSEND = YES;
				ENABLE_TESTABILITY = YES;
				GCC_C_LANGUAGE_STANDARD = gnu11;
				GCC_DYNAMIC_NO_PIC = NO;
				GCC_NO_COMMON_BLOCKS = YES;
				GCC_OPTIMIZATION_LEVEL = 0;
				GCC_PREPROCESSOR_DEFINITIONS = (
					"DEBUG=1",
					"$(inherited)",
				);
				GCC_WARN_64_TO_32_BIT_CONVERSION = YES;
				GCC_WARN_ABOUT_RETURN_TYPE = YES_ERROR;
				GCC_WARN_UNDECLARED_SELECTOR = YES;
				GCC_WARN_UNINITIALIZED_AUTOS = YES_AGGRESSIVE;
				GCC_WARN_UNUSED_FUNCTION = YES;
				GCC_WARN_UNUSED_VARIABLE = YES;
				IPHONEOS_DEPLOYMENT_TARGET = 16.4;
				MTL_ENABLE_DEBUG_INFO = INCLUDE_SOURCE;
				MTL_FAST_MATH = YES;
				ONLY_ACTIVE_ARCH = YES;
				SDKROOT = iphoneos;
				SWIFT_ACTIVE_COMPILATION_CONDITIONS = DEBUG;
				SWIFT_OPTIMIZATION_LEVEL = "-Onone";
			};
			name = Debug;
		};
		F42CBCA02A583B2900FC5212 /* Release */ = {
			isa = XCBuildConfiguration;
			buildSettings = {
				ALWAYS_SEARCH_USER_PATHS = NO;
				CLANG_ANALYZER_NONNULL = YES;
				CLANG_ANALYZER_NUMBER_OBJECT_CONVERSION = YES_AGGRESSIVE;
				CLANG_CXX_LANGUAGE_STANDARD = "gnu++20";
				CLANG_ENABLE_MODULES = YES;
				CLANG_ENABLE_OBJC_ARC = YES;
				CLANG_ENABLE_OBJC_WEAK = YES;
				CLANG_WARN_BLOCK_CAPTURE_AUTORELEASING = YES;
				CLANG_WARN_BOOL_CONVERSION = YES;
				CLANG_WARN_COMMA = YES;
				CLANG_WARN_CONSTANT_CONVERSION = YES;
				CLANG_WARN_DEPRECATED_OBJC_IMPLEMENTATIONS = YES;
				CLANG_WARN_DIRECT_OBJC_ISA_USAGE = YES_ERROR;
				CLANG_WARN_DOCUMENTATION_COMMENTS = YES;
				CLANG_WARN_EMPTY_BODY = YES;
				CLANG_WARN_ENUM_CONVERSION = YES;
				CLANG_WARN_INFINITE_RECURSION = YES;
				CLANG_WARN_INT_CONVERSION = YES;
				CLANG_WARN_NON_LITERAL_NULL_CONVERSION = YES;
				CLANG_WARN_OBJC_IMPLICIT_RETAIN_SELF = YES;
				CLANG_WARN_OBJC_LITERAL_CONVERSION = YES;
				CLANG_WARN_OBJC_ROOT_CLASS = YES_ERROR;
				CLANG_WARN_QUOTED_INCLUDE_IN_FRAMEWORK_HEADER = YES;
				CLANG_WARN_RANGE_LOOP_ANALYSIS = YES;
				CLANG_WARN_STRICT_PROTOTYPES = YES;
				CLANG_WARN_SUSPICIOUS_MOVE = YES;
				CLANG_WARN_UNGUARDED_AVAILABILITY = YES_AGGRESSIVE;
				CLANG_WARN_UNREACHABLE_CODE = YES;
				CLANG_WARN__DUPLICATE_METHOD_MATCH = YES;
				COPY_PHASE_STRIP = NO;
				DEBUG_INFORMATION_FORMAT = "dwarf-with-dsym";
				ENABLE_NS_ASSERTIONS = NO;
				ENABLE_STRICT_OBJC_MSGSEND = YES;
				GCC_C_LANGUAGE_STANDARD = gnu11;
				GCC_NO_COMMON_BLOCKS = YES;
				GCC_WARN_64_TO_32_BIT_CONVERSION = YES;
				GCC_WARN_ABOUT_RETURN_TYPE = YES_ERROR;
				GCC_WARN_UNDECLARED_SELECTOR = YES;
				GCC_WARN_UNINITIALIZED_AUTOS = YES_AGGRESSIVE;
				GCC_WARN_UNUSED_FUNCTION = YES;
				GCC_WARN_UNUSED_VARIABLE = YES;
				IPHONEOS_DEPLOYMENT_TARGET = 16.4;
				MTL_ENABLE_DEBUG_INFO = NO;
				MTL_FAST_MATH = YES;
				SDKROOT = iphoneos;
				SWIFT_COMPILATION_MODE = wholemodule;
				SWIFT_OPTIMIZATION_LEVEL = "-O";
				VALIDATE_PRODUCT = YES;
			};
			name = Release;
		};
		F42CBCA22A583B2900FC5212 /* Debug */ = {
			isa = XCBuildConfiguration;
			buildSettings = {
				ASSETCATALOG_COMPILER_APPICON_NAME = AppIcon;
				ASSETCATALOG_COMPILER_GLOBAL_ACCENT_COLOR_NAME = AccentColor;
				CODE_SIGN_STYLE = Automatic;
				CURRENT_PROJECT_VERSION = 1;
				DEVELOPMENT_TEAM = 4H5NGLGC23;
				GENERATE_INFOPLIST_FILE = YES;
				INFOPLIST_FILE = cloneSwipeApp/Info.plist;
				INFOPLIST_KEY_UIApplicationSupportsIndirectInputEvents = YES;
				INFOPLIST_KEY_UILaunchStoryboardName = LaunchScreen;
				INFOPLIST_KEY_UIMainStoryboardFile = Main;
				INFOPLIST_KEY_UISupportedInterfaceOrientations_iPad = "UIInterfaceOrientationPortrait UIInterfaceOrientationPortraitUpsideDown UIInterfaceOrientationLandscapeLeft UIInterfaceOrientationLandscapeRight";
				INFOPLIST_KEY_UISupportedInterfaceOrientations_iPhone = "UIInterfaceOrientationPortrait UIInterfaceOrientationLandscapeLeft UIInterfaceOrientationLandscapeRight";
				LD_RUNPATH_SEARCH_PATHS = (
					"$(inherited)",
					"@executable_path/Frameworks",
				);
				MARKETING_VERSION = 1.0;
				PRODUCT_BUNDLE_IDENTIFIER = com.aliaydogdu.cloneSwipeApp;
				PRODUCT_NAME = "$(TARGET_NAME)";
				SWIFT_EMIT_LOC_STRINGS = YES;
				SWIFT_VERSION = 5.0;
				TARGETED_DEVICE_FAMILY = "1,2";
			};
			name = Debug;
		};
		F42CBCA32A583B2900FC5212 /* Release */ = {
			isa = XCBuildConfiguration;
			buildSettings = {
				ASSETCATALOG_COMPILER_APPICON_NAME = AppIcon;
				ASSETCATALOG_COMPILER_GLOBAL_ACCENT_COLOR_NAME = AccentColor;
				CODE_SIGN_STYLE = Automatic;
				CURRENT_PROJECT_VERSION = 1;
				DEVELOPMENT_TEAM = 4H5NGLGC23;
				GENERATE_INFOPLIST_FILE = YES;
				INFOPLIST_FILE = cloneSwipeApp/Info.plist;
				INFOPLIST_KEY_UIApplicationSupportsIndirectInputEvents = YES;
				INFOPLIST_KEY_UILaunchStoryboardName = LaunchScreen;
				INFOPLIST_KEY_UIMainStoryboardFile = Main;
				INFOPLIST_KEY_UISupportedInterfaceOrientations_iPad = "UIInterfaceOrientationPortrait UIInterfaceOrientationPortraitUpsideDown UIInterfaceOrientationLandscapeLeft UIInterfaceOrientationLandscapeRight";
				INFOPLIST_KEY_UISupportedInterfaceOrientations_iPhone = "UIInterfaceOrientationPortrait UIInterfaceOrientationLandscapeLeft UIInterfaceOrientationLandscapeRight";
				LD_RUNPATH_SEARCH_PATHS = (
					"$(inherited)",
					"@executable_path/Frameworks",
				);
				MARKETING_VERSION = 1.0;
				PRODUCT_BUNDLE_IDENTIFIER = com.aliaydogdu.cloneSwipeApp;
				PRODUCT_NAME = "$(TARGET_NAME)";
				SWIFT_EMIT_LOC_STRINGS = YES;
				SWIFT_VERSION = 5.0;
				TARGETED_DEVICE_FAMILY = "1,2";
			};
			name = Release;
		};
/* End XCBuildConfiguration section */

/* Begin XCConfigurationList section */
		F42CBC882A583B2800FC5212 /* Build configuration list for PBXProject "cloneSwipeApp" */ = {
			isa = XCConfigurationList;
			buildConfigurations = (
				F42CBC9F2A583B2900FC5212 /* Debug */,
				F42CBCA02A583B2900FC5212 /* Release */,
			);
			defaultConfigurationIsVisible = 0;
			defaultConfigurationName = Release;
		};
		F42CBCA12A583B2900FC5212 /* Build configuration list for PBXNativeTarget "cloneSwipeApp" */ = {
			isa = XCConfigurationList;
			buildConfigurations = (
				F42CBCA22A583B2900FC5212 /* Debug */,
				F42CBCA32A583B2900FC5212 /* Release */,
			);
			defaultConfigurationIsVisible = 0;
			defaultConfigurationName = Release;
		};
/* End XCConfigurationList section */
	};
	rootObject = F42CBC852A583B2800FC5212 /* Project object */;
}
